// !$*UTF8*$!
{
	archiveVersion = 1;
	classes = {
	};
	objectVersion = 56;
	objects = {

/* Begin PBXBuildFile section */
		417EBE4929E77D3200008883 /* AppDelegate.swift in Sources */ = {isa = PBXBuildFile; fileRef = 417EBE4829E77D3200008883 /* AppDelegate.swift */; };
		417EBE4B29E77D3200008883 /* SceneDelegate.swift in Sources */ = {isa = PBXBuildFile; fileRef = 417EBE4A29E77D3200008883 /* SceneDelegate.swift */; };
		417EBE4D29E77D3200008883 /* LoginViewController.swift in Sources */ = {isa = PBXBuildFile; fileRef = 417EBE4C29E77D3200008883 /* LoginViewController.swift */; };
		417EBE5029E77D3200008883 /* Main.storyboard in Resources */ = {isa = PBXBuildFile; fileRef = 417EBE4E29E77D3200008883 /* Main.storyboard */; };
		417EBE5229E77D3300008883 /* Assets.xcassets in Resources */ = {isa = PBXBuildFile; fileRef = 417EBE5129E77D3300008883 /* Assets.xcassets */; };
		417EBE5529E77D3300008883 /* LaunchScreen.storyboard in Resources */ = {isa = PBXBuildFile; fileRef = 417EBE5329E77D3300008883 /* LaunchScreen.storyboard */; };
		417EBE5D29E7900800008883 /* RegisterViewController.swift in Sources */ = {isa = PBXBuildFile; fileRef = 417EBE5C29E7900800008883 /* RegisterViewController.swift */; };
		417EBE6129E7B5BC00008883 /* UserModel.swift in Sources */ = {isa = PBXBuildFile; fileRef = 417EBE6029E7B5BC00008883 /* UserModel.swift */; };
		417EBE6329E7E93400008883 /* SiteModel.swift in Sources */ = {isa = PBXBuildFile; fileRef = 417EBE6229E7E93400008883 /* SiteModel.swift */; };
		417EBE6529E7ECB600008883 /* ProjectMethods.swift in Sources */ = {isa = PBXBuildFile; fileRef = 417EBE6429E7ECB600008883 /* ProjectMethods.swift */; };
		417EBE6929E9265700008883 /* LoggedInViewController.swift in Sources */ = {isa = PBXBuildFile; fileRef = 417EBE6829E9265700008883 /* LoggedInViewController.swift */; };
		417EBE6B29EC949E00008883 /* AddNewSiteViewController.swift in Sources */ = {isa = PBXBuildFile; fileRef = 417EBE6A29EC949E00008883 /* AddNewSiteViewController.swift */; };
		417EBE6D29EC94B600008883 /* SearchSiteViewController.swift in Sources */ = {isa = PBXBuildFile; fileRef = 417EBE6C29EC94B600008883 /* SearchSiteViewController.swift */; };
		417EBE6F29EC94D000008883 /* AllSitesViewController.swift in Sources */ = {isa = PBXBuildFile; fileRef = 417EBE6E29EC94D000008883 /* AllSitesViewController.swift */; };
		417EBE7129ED154200008883 /* DisplaySiteTableViewController.swift in Sources */ = {isa = PBXBuildFile; fileRef = 417EBE7029ED154200008883 /* DisplaySiteTableViewController.swift */; };
		417EBE7529ED1AF600008883 /* SiteTableViewCell.swift in Sources */ = {isa = PBXBuildFile; fileRef = 417EBE7429ED1AF600008883 /* SiteTableViewCell.swift */; };
/* End PBXBuildFile section */

/* Begin PBXFileReference section */
		417EBE4529E77D3200008883 /* Assignment 1 Tatiana.app */ = {isa = PBXFileReference; explicitFileType = wrapper.application; includeInIndex = 0; path = "Assignment 1 Tatiana.app"; sourceTree = BUILT_PRODUCTS_DIR; };
		417EBE4829E77D3200008883 /* AppDelegate.swift */ = {isa = PBXFileReference; lastKnownFileType = sourcecode.swift; path = AppDelegate.swift; sourceTree = "<group>"; };
		417EBE4A29E77D3200008883 /* SceneDelegate.swift */ = {isa = PBXFileReference; lastKnownFileType = sourcecode.swift; path = SceneDelegate.swift; sourceTree = "<group>"; };
		417EBE4C29E77D3200008883 /* LoginViewController.swift */ = {isa = PBXFileReference; lastKnownFileType = sourcecode.swift; path = LoginViewController.swift; sourceTree = "<group>"; };
		417EBE4F29E77D3200008883 /* Base */ = {isa = PBXFileReference; lastKnownFileType = file.storyboard; name = Base; path = Base.lproj/Main.storyboard; sourceTree = "<group>"; };
		417EBE5129E77D3300008883 /* Assets.xcassets */ = {isa = PBXFileReference; lastKnownFileType = folder.assetcatalog; path = Assets.xcassets; sourceTree = "<group>"; };
		417EBE5429E77D3300008883 /* Base */ = {isa = PBXFileReference; lastKnownFileType = file.storyboard; name = Base; path = Base.lproj/LaunchScreen.storyboard; sourceTree = "<group>"; };
		417EBE5629E77D3300008883 /* Info.plist */ = {isa = PBXFileReference; lastKnownFileType = text.plist.xml; path = Info.plist; sourceTree = "<group>"; };
		417EBE5C29E7900800008883 /* RegisterViewController.swift */ = {isa = PBXFileReference; lastKnownFileType = sourcecode.swift; path = RegisterViewController.swift; sourceTree = "<group>"; };
		417EBE6029E7B5BC00008883 /* UserModel.swift */ = {isa = PBXFileReference; lastKnownFileType = sourcecode.swift; path = UserModel.swift; sourceTree = "<group>"; };
		417EBE6229E7E93400008883 /* SiteModel.swift */ = {isa = PBXFileReference; lastKnownFileType = sourcecode.swift; path = SiteModel.swift; sourceTree = "<group>"; };
		417EBE6429E7ECB600008883 /* ProjectMethods.swift */ = {isa = PBXFileReference; lastKnownFileType = sourcecode.swift; path = ProjectMethods.swift; sourceTree = "<group>"; };
		417EBE6829E9265700008883 /* LoggedInViewController.swift */ = {isa = PBXFileReference; lastKnownFileType = sourcecode.swift; path = LoggedInViewController.swift; sourceTree = "<group>"; };
		417EBE6A29EC949E00008883 /* AddNewSiteViewController.swift */ = {isa = PBXFileReference; lastKnownFileType = sourcecode.swift; path = AddNewSiteViewController.swift; sourceTree = "<group>"; };
		417EBE6C29EC94B600008883 /* SearchSiteViewController.swift */ = {isa = PBXFileReference; lastKnownFileType = sourcecode.swift; path = SearchSiteViewController.swift; sourceTree = "<group>"; };
		417EBE6E29EC94D000008883 /* AllSitesViewController.swift */ = {isa = PBXFileReference; lastKnownFileType = sourcecode.swift; path = AllSitesViewController.swift; sourceTree = "<group>"; };
		417EBE7029ED154200008883 /* DisplaySiteTableViewController.swift */ = {isa = PBXFileReference; lastKnownFileType = sourcecode.swift; path = DisplaySiteTableViewController.swift; sourceTree = "<group>"; };
		417EBE7429ED1AF600008883 /* SiteTableViewCell.swift */ = {isa = PBXFileReference; lastKnownFileType = sourcecode.swift; path = SiteTableViewCell.swift; sourceTree = "<group>"; };
/* End PBXFileReference section */

/* Begin PBXFrameworksBuildPhase section */
		417EBE4229E77D3200008883 /* Frameworks */ = {
			isa = PBXFrameworksBuildPhase;
			buildActionMask = 2147483647;
			files = (
			);
			runOnlyForDeploymentPostprocessing = 0;
		};
/* End PBXFrameworksBuildPhase section */

/* Begin PBXGroup section */
		417EBE3C29E77D3200008883 = {
			isa = PBXGroup;
			children = (
				417EBE4729E77D3200008883 /* Assignment 1 Tatiana */,
				417EBE4629E77D3200008883 /* Products */,
			);
			sourceTree = "<group>";
		};
		417EBE4629E77D3200008883 /* Products */ = {
			isa = PBXGroup;
			children = (
				417EBE4529E77D3200008883 /* Assignment 1 Tatiana.app */,
			);
			name = Products;
			sourceTree = "<group>";
		};
		417EBE4729E77D3200008883 /* Assignment 1 Tatiana */ = {
			isa = PBXGroup;
			children = (
				417EBE4829E77D3200008883 /* AppDelegate.swift */,
				417EBE4A29E77D3200008883 /* SceneDelegate.swift */,
				417EBE4C29E77D3200008883 /* LoginViewController.swift */,
				417EBE4E29E77D3200008883 /* Main.storyboard */,
				417EBE5129E77D3300008883 /* Assets.xcassets */,
				417EBE5329E77D3300008883 /* LaunchScreen.storyboard */,
				417EBE5629E77D3300008883 /* Info.plist */,
				417EBE6029E7B5BC00008883 /* UserModel.swift */,
				417EBE6229E7E93400008883 /* SiteModel.swift */,
				417EBE6429E7ECB600008883 /* ProjectMethods.swift */,
				417EBE5C29E7900800008883 /* RegisterViewController.swift */,
				417EBE6829E9265700008883 /* LoggedInViewController.swift */,
				417EBE6A29EC949E00008883 /* AddNewSiteViewController.swift */,
				417EBE6C29EC94B600008883 /* SearchSiteViewController.swift */,
				417EBE6E29EC94D000008883 /* AllSitesViewController.swift */,
				417EBE7029ED154200008883 /* DisplaySiteTableViewController.swift */,
				417EBE7429ED1AF600008883 /* SiteTableViewCell.swift */,
			);
			path = "Assignment 1 Tatiana";
			sourceTree = "<group>";
		};
/* End PBXGroup section */

/* Begin PBXNativeTarget section */
		417EBE4429E77D3200008883 /* Assignment 1 Tatiana */ = {
			isa = PBXNativeTarget;
			buildConfigurationList = 417EBE5929E77D3300008883 /* Build configuration list for PBXNativeTarget "Assignment 1 Tatiana" */;
			buildPhases = (
				417EBE4129E77D3200008883 /* Sources */,
				417EBE4229E77D3200008883 /* Frameworks */,
				417EBE4329E77D3200008883 /* Resources */,
			);
			buildRules = (
			);
			dependencies = (
			);
			name = "Assignment 1 Tatiana";
			productName = "Assignment 1 Tatiana";
			productReference = 417EBE4529E77D3200008883 /* Assignment 1 Tatiana.app */;
			productType = "com.apple.product-type.application";
		};
/* End PBXNativeTarget section */

/* Begin PBXProject section */
		417EBE3D29E77D3200008883 /* Project object */ = {
			isa = PBXProject;
			attributes = {
				BuildIndependentTargetsInParallel = 1;
				LastSwiftUpdateCheck = 1420;
				LastUpgradeCheck = 1420;
				TargetAttributes = {
					417EBE4429E77D3200008883 = {
						CreatedOnToolsVersion = 14.2;
					};
				};
			};
			buildConfigurationList = 417EBE4029E77D3200008883 /* Build configuration list for PBXProject "Assignment 1 Tatiana" */;
			compatibilityVersion = "Xcode 14.0";
			developmentRegion = en;
			hasScannedForEncodings = 0;
			knownRegions = (
				en,
				Base,
			);
			mainGroup = 417EBE3C29E77D3200008883;
			productRefGroup = 417EBE4629E77D3200008883 /* Products */;
			projectDirPath = "";
			projectRoot = "";
			targets = (
				417EBE4429E77D3200008883 /* Assignment 1 Tatiana */,
			);
		};
/* End PBXProject section */

/* Begin PBXResourcesBuildPhase section */
		417EBE4329E77D3200008883 /* Resources */ = {
			isa = PBXResourcesBuildPhase;
			buildActionMask = 2147483647;
			files = (
				417EBE5529E77D3300008883 /* LaunchScreen.storyboard in Resources */,
				417EBE5229E77D3300008883 /* Assets.xcassets in Resources */,
				417EBE5029E77D3200008883 /* Main.storyboard in Resources */,
			);
			runOnlyForDeploymentPostprocessing = 0;
		};
/* End PBXResourcesBuildPhase section */

/* Begin PBXSourcesBuildPhase section */
		417EBE4129E77D3200008883 /* Sources */ = {
			isa = PBXSourcesBuildPhase;
			buildActionMask = 2147483647;
			files = (
				417EBE7529ED1AF600008883 /* SiteTableViewCell.swift in Sources */,
				417EBE4D29E77D3200008883 /* LoginViewController.swift in Sources */,
				417EBE7129ED154200008883 /* DisplaySiteTableViewController.swift in Sources */,
				417EBE4929E77D3200008883 /* AppDelegate.swift in Sources */,
				417EBE6329E7E93400008883 /* SiteModel.swift in Sources */,
				417EBE6B29EC949E00008883 /* AddNewSiteViewController.swift in Sources */,
				417EBE4B29E77D3200008883 /* SceneDelegate.swift in Sources */,
				417EBE6F29EC94D000008883 /* AllSitesViewController.swift in Sources */,
				417EBE6129E7B5BC00008883 /* UserModel.swift in Sources */,
				417EBE6529E7ECB600008883 /* ProjectMethods.swift in Sources */,
				417EBE6D29EC94B600008883 /* SearchSiteViewController.swift in Sources */,
				417EBE5D29E7900800008883 /* RegisterViewController.swift in Sources */,
				417EBE6929E9265700008883 /* LoggedInViewController.swift in Sources */,
			);
			runOnlyForDeploymentPostprocessing = 0;
		};
/* End PBXSourcesBuildPhase section */

/* Begin PBXVariantGroup section */
		417EBE4E29E77D3200008883 /* Main.storyboard */ = {
			isa = PBXVariantGroup;
			children = (
				417EBE4F29E77D3200008883 /* Base */,
			);
			name = Main.storyboard;
			sourceTree = "<group>";
		};
		417EBE5329E77D3300008883 /* LaunchScreen.storyboard */ = {
			isa = PBXVariantGroup;
			children = (
				417EBE5429E77D3300008883 /* Base */,
			);
			name = LaunchScreen.storyboard;
			sourceTree = "<group>";
		};
/* End PBXVariantGroup section */

/* Begin XCBuildConfiguration section */
		417EBE5729E77D3300008883 /* Debug */ = {
			isa = XCBuildConfiguration;
			buildSettings = {
				ALWAYS_SEARCH_USER_PATHS = NO;
				CLANG_ANALYZER_NONNULL = YES;
				CLANG_ANALYZER_NUMBER_OBJECT_CONVERSION = YES_AGGRESSIVE;
				CLANG_CXX_LANGUAGE_STANDARD = "gnu++20";
				CLANG_ENABLE_MODULES = YES;
				CLANG_ENABLE_OBJC_ARC = YES;
				CLANG_ENABLE_OBJC_WEAK = YES;
				CLANG_WARN_BLOCK_CAPTURE_AUTORELEASING = YES;
				CLANG_WARN_BOOL_CONVERSION = YES;
				CLANG_WARN_COMMA = YES;
				CLANG_WARN_CONSTANT_CONVERSION = YES;
				CLANG_WARN_DEPRECATED_OBJC_IMPLEMENTATIONS = YES;
				CLANG_WARN_DIRECT_OBJC_ISA_USAGE = YES_ERROR;
				CLANG_WARN_DOCUMENTATION_COMMENTS = YES;
				CLANG_WARN_EMPTY_BODY = YES;
				CLANG_WARN_ENUM_CONVERSION = YES;
				CLANG_WARN_INFINITE_RECURSION = YES;
				CLANG_WARN_INT_CONVERSION = YES;
				CLANG_WARN_NON_LITERAL_NULL_CONVERSION = YES;
				CLANG_WARN_OBJC_IMPLICIT_RETAIN_SELF = YES;
				CLANG_WARN_OBJC_LITERAL_CONVERSION = YES;
				CLANG_WARN_OBJC_ROOT_CLASS = YES_ERROR;
				CLANG_WARN_QUOTED_INCLUDE_IN_FRAMEWORK_HEADER = YES;
				CLANG_WARN_RANGE_LOOP_ANALYSIS = YES;
				CLANG_WARN_STRICT_PROTOTYPES = YES;
				CLANG_WARN_SUSPICIOUS_MOVE = YES;
				CLANG_WARN_UNGUARDED_AVAILABILITY = YES_AGGRESSIVE;
				CLANG_WARN_UNREACHABLE_CODE = YES;
				CLANG_WARN__DUPLICATE_METHOD_MATCH = YES;
				COPY_PHASE_STRIP = NO;
				DEBUG_INFORMATION_FORMAT = dwarf;
				ENABLE_STRICT_OBJC_MSGSEND = YES;
				ENABLE_TESTABILITY = YES;
				GCC_C_LANGUAGE_STANDARD = gnu11;
				GCC_DYNAMIC_NO_PIC = NO;
				GCC_NO_COMMON_BLOCKS = YES;
				GCC_OPTIMIZATION_LEVEL = 0;
				GCC_PREPROCESSOR_DEFINITIONS = (
					"DEBUG=1",
					"$(inherited)",
				);
				GCC_WARN_64_TO_32_BIT_CONVERSION = YES;
				GCC_WARN_ABOUT_RETURN_TYPE = YES_ERROR;
				GCC_WARN_UNDECLARED_SELECTOR = YES;
				GCC_WARN_UNINITIALIZED_AUTOS = YES_AGGRESSIVE;
				GCC_WARN_UNUSED_FUNCTION = YES;
				GCC_WARN_UNUSED_VARIABLE = YES;
				IPHONEOS_DEPLOYMENT_TARGET = 16.2;
				MTL_ENABLE_DEBUG_INFO = INCLUDE_SOURCE;
				MTL_FAST_MATH = YES;
				ONLY_ACTIVE_ARCH = YES;
				SDKROOT = iphoneos;
				SWIFT_ACTIVE_COMPILATION_CONDITIONS = DEBUG;
				SWIFT_OPTIMIZATION_LEVEL = "-Onone";
			};
			name = Debug;
		};
		417EBE5829E77D3300008883 /* Release */ = {
			isa = XCBuildConfiguration;
			buildSettings = {
				ALWAYS_SEARCH_USER_PATHS = NO;
				CLANG_ANALYZER_NONNULL = YES;
				CLANG_ANALYZER_NUMBER_OBJECT_CONVERSION = YES_AGGRESSIVE;
				CLANG_CXX_LANGUAGE_STANDARD = "gnu++20";
				CLANG_ENABLE_MODULES = YES;
				CLANG_ENABLE_OBJC_ARC = YES;
				CLANG_ENABLE_OBJC_WEAK = YES;
				CLANG_WARN_BLOCK_CAPTURE_AUTORELEASING = YES;
				CLANG_WARN_BOOL_CONVERSION = YES;
				CLANG_WARN_COMMA = YES;
				CLANG_WARN_CONSTANT_CONVERSION = YES;
				CLANG_WARN_DEPRECATED_OBJC_IMPLEMENTATIONS = YES;
				CLANG_WARN_DIRECT_OBJC_ISA_USAGE = YES_ERROR;
				CLANG_WARN_DOCUMENTATION_COMMENTS = YES;
				CLANG_WARN_EMPTY_BODY = YES;
				CLANG_WARN_ENUM_CONVERSION = YES;
				CLANG_WARN_INFINITE_RECURSION = YES;
				CLANG_WARN_INT_CONVERSION = YES;
				CLANG_WARN_NON_LITERAL_NULL_CONVERSION = YES;
				CLANG_WARN_OBJC_IMPLICIT_RETAIN_SELF = YES;
				CLANG_WARN_OBJC_LITERAL_CONVERSION = YES;
				CLANG_WARN_OBJC_ROOT_CLASS = YES_ERROR;
				CLANG_WARN_QUOTED_INCLUDE_IN_FRAMEWORK_HEADER = YES;
				CLANG_WARN_RANGE_LOOP_ANALYSIS = YES;
				CLANG_WARN_STRICT_PROTOTYPES = YES;
				CLANG_WARN_SUSPICIOUS_MOVE = YES;
				CLANG_WARN_UNGUARDED_AVAILABILITY = YES_AGGRESSIVE;
				CLANG_WARN_UNREACHABLE_CODE = YES;
				CLANG_WARN__DUPLICATE_METHOD_MATCH = YES;
				COPY_PHASE_STRIP = NO;
				DEBUG_INFORMATION_FORMAT = "dwarf-with-dsym";
				ENABLE_NS_ASSERTIONS = NO;
				ENABLE_STRICT_OBJC_MSGSEND = YES;
				GCC_C_LANGUAGE_STANDARD = gnu11;
				GCC_NO_COMMON_BLOCKS = YES;
				GCC_WARN_64_TO_32_BIT_CONVERSION = YES;
				GCC_WARN_ABOUT_RETURN_TYPE = YES_ERROR;
				GCC_WARN_UNDECLARED_SELECTOR = YES;
				GCC_WARN_UNINITIALIZED_AUTOS = YES_AGGRESSIVE;
				GCC_WARN_UNUSED_FUNCTION = YES;
				GCC_WARN_UNUSED_VARIABLE = YES;
				IPHONEOS_DEPLOYMENT_TARGET = 16.2;
				MTL_ENABLE_DEBUG_INFO = NO;
				MTL_FAST_MATH = YES;
				SDKROOT = iphoneos;
				SWIFT_COMPILATION_MODE = wholemodule;
				SWIFT_OPTIMIZATION_LEVEL = "-O";
				VALIDATE_PRODUCT = YES;
			};
			name = Release;
		};
		417EBE5A29E77D3300008883 /* Debug */ = {
			isa = XCBuildConfiguration;
			buildSettings = {
				ASSETCATALOG_COMPILER_APPICON_NAME = AppIcon;
				ASSETCATALOG_COMPILER_GLOBAL_ACCENT_COLOR_NAME = AccentColor;
				CODE_SIGN_STYLE = Automatic;
				CURRENT_PROJECT_VERSION = 1;
				DEVELOPMENT_TEAM = Q2N55M9P5P;
				GENERATE_INFOPLIST_FILE = YES;
				INFOPLIST_FILE = "Assignment 1 Tatiana/Info.plist";
				INFOPLIST_KEY_UIApplicationSupportsIndirectInputEvents = YES;
				INFOPLIST_KEY_UILaunchStoryboardName = LaunchScreen;
				INFOPLIST_KEY_UIMainStoryboardFile = Main;
				INFOPLIST_KEY_UISupportedInterfaceOrientations_iPad = "UIInterfaceOrientationPortrait UIInterfaceOrientationPortraitUpsideDown UIInterfaceOrientationLandscapeLeft UIInterfaceOrientationLandscapeRight";
				INFOPLIST_KEY_UISupportedInterfaceOrientations_iPhone = "UIInterfaceOrientationPortrait UIInterfaceOrientationLandscapeLeft UIInterfaceOrientationLandscapeRight";
				LD_RUNPATH_SEARCH_PATHS = (
					"$(inherited)",
					"@executable_path/Frameworks",
				);
				MARKETING_VERSION = 1.0;
				PRODUCT_BUNDLE_IDENTIFIER = "MIT.Assignment-1-Tatiana";
				PRODUCT_NAME = "$(TARGET_NAME)";
				SWIFT_EMIT_LOC_STRINGS = YES;
				SWIFT_VERSION = 5.0;
				TARGETED_DEVICE_FAMILY = "1,2";
			};
			name = Debug;
		};
		417EBE5B29E77D3300008883 /* Release */ = {
			isa = XCBuildConfiguration;
			buildSettings = {
				ASSETCATALOG_COMPILER_APPICON_NAME = AppIcon;
				ASSETCATALOG_COMPILER_GLOBAL_ACCENT_COLOR_NAME = AccentColor;
				CODE_SIGN_STYLE = Automatic;
				CURRENT_PROJECT_VERSION = 1;
				DEVELOPMENT_TEAM = Q2N55M9P5P;
				GENERATE_INFOPLIST_FILE = YES;
				INFOPLIST_FILE = "Assignment 1 Tatiana/Info.plist";
				INFOPLIST_KEY_UIApplicationSupportsIndirectInputEvents = YES;
				INFOPLIST_KEY_UILaunchStoryboardName = LaunchScreen;
				INFOPLIST_KEY_UIMainStoryboardFile = Main;
				INFOPLIST_KEY_UISupportedInterfaceOrientations_iPad = "UIInterfaceOrientationPortrait UIInterfaceOrientationPortraitUpsideDown UIInterfaceOrientationLandscapeLeft UIInterfaceOrientationLandscapeRight";
				INFOPLIST_KEY_UISupportedInterfaceOrientations_iPhone = "UIInterfaceOrientationPortrait UIInterfaceOrientationLandscapeLeft UIInterfaceOrientationLandscapeRight";
				LD_RUNPATH_SEARCH_PATHS = (
					"$(inherited)",
					"@executable_path/Frameworks",
				);
				MARKETING_VERSION = 1.0;
				PRODUCT_BUNDLE_IDENTIFIER = "MIT.Assignment-1-Tatiana";
				PRODUCT_NAME = "$(TARGET_NAME)";
				SWIFT_EMIT_LOC_STRINGS = YES;
				SWIFT_VERSION = 5.0;
				TARGETED_DEVICE_FAMILY = "1,2";
			};
			name = Release;
		};
/* End XCBuildConfiguration section */

/* Begin XCConfigurationList section */
		417EBE4029E77D3200008883 /* Build configuration list for PBXProject "Assignment 1 Tatiana" */ = {
			isa = XCConfigurationList;
			buildConfigurations = (
				417EBE5729E77D3300008883 /* Debug */,
				417EBE5829E77D3300008883 /* Release */,
			);
			defaultConfigurationIsVisible = 0;
			defaultConfigurationName = Release;
		};
		417EBE5929E77D3300008883 /* Build configuration list for PBXNativeTarget "Assignment 1 Tatiana" */ = {
			isa = XCConfigurationList;
			buildConfigurations = (
				417EBE5A29E77D3300008883 /* Debug */,
				417EBE5B29E77D3300008883 /* Release */,
			);
			defaultConfigurationIsVisible = 0;
			defaultConfigurationName = Release;
		};
/* End XCConfigurationList section */
	};
	rootObject = 417EBE3D29E77D3200008883 /* Project object */;
}
